
Microsoft Visual Studio Solution File, Format Version 12.00
# Visual Studio 2013
VisualStudioVersion = 12.0.40629.0
MinimumVisualStudioVersion = 10.0.40219.1
Project("{FAE04EC0-301F-11D3-BF4B-00C04F79EFBC}") = "UmbracoFood", "UmbracoFood\UmbracoFood.csproj", "{C61253E1-61AD-4168-8DF4-0ABF8AA87C47}"
EndProject
Project("{FAE04EC0-301F-11D3-BF4B-00C04F79EFBC}") = "UmbracoFood.Core", "UmbracoFood.Core\UmbracoFood.Core.csproj", "{29C705AF-885A-49F6-9971-585454EDD53F}"
EndProject
Project("{FAE04EC0-301F-11D3-BF4B-00C04F79EFBC}") = "UmbracoFood.Services", "UmbracoFood.Services\UmbracoFood.Services.csproj", "{864A85E9-0B54-4766-8CA7-19371E69FB31}"
EndProject
Project("{FAE04EC0-301F-11D3-BF4B-00C04F79EFBC}") = "UmbracoFood.Tests", "UmbracoFood.Tests\UmbracoFood.Tests.csproj", "{FB5602DF-BE4D-47D1-BDC0-8794D22D798F}"
EndProject
Project("{FAE04EC0-301F-11D3-BF4B-00C04F79EFBC}") = "UmbracoFood.Infrastructure2", "UmbracoFood.Infrastructure2\UmbracoFood.Infrastructure2.csproj", "{138197DF-335B-4EF6-9465-3EC33156EB4B}"
EndProject
Global
	GlobalSection(SolutionConfigurationPlatforms) = preSolution
		Debug|Any CPU = Debug|Any CPU
		Release|Any CPU = Release|Any CPU
	EndGlobalSection
	GlobalSection(ProjectConfigurationPlatforms) = postSolution
		{C61253E1-61AD-4168-8DF4-0ABF8AA87C47}.Debug|Any CPU.ActiveCfg = Debug|Any CPU
		{C61253E1-61AD-4168-8DF4-0ABF8AA87C47}.Debug|Any CPU.Build.0 = Debug|Any CPU
		{C61253E1-61AD-4168-8DF4-0ABF8AA87C47}.Release|Any CPU.ActiveCfg = Release|Any CPU
		{C61253E1-61AD-4168-8DF4-0ABF8AA87C47}.Release|Any CPU.Build.0 = Release|Any CPU
		{29C705AF-885A-49F6-9971-585454EDD53F}.Debug|Any CPU.ActiveCfg = Debug|Any CPU
		{29C705AF-885A-49F6-9971-585454EDD53F}.Debug|Any CPU.Build.0 = Debug|Any CPU
		{29C705AF-885A-49F6-9971-585454EDD53F}.Release|Any CPU.ActiveCfg = Release|Any CPU
		{29C705AF-885A-49F6-9971-585454EDD53F}.Release|Any CPU.Build.0 = Release|Any CPU
		{864A85E9-0B54-4766-8CA7-19371E69FB31}.Debug|Any CPU.ActiveCfg = Debug|Any CPU
		{864A85E9-0B54-4766-8CA7-19371E69FB31}.Debug|Any CPU.Build.0 = Debug|Any CPU
		{864A85E9-0B54-4766-8CA7-19371E69FB31}.Release|Any CPU.ActiveCfg = Release|Any CPU
		{864A85E9-0B54-4766-8CA7-19371E69FB31}.Release|Any CPU.Build.0 = Release|Any CPU
		{FB5602DF-BE4D-47D1-BDC0-8794D22D798F}.Debug|Any CPU.ActiveCfg = Debug|Any CPU
		{FB5602DF-BE4D-47D1-BDC0-8794D22D798F}.Debug|Any CPU.Build.0 = Debug|Any CPU
		{FB5602DF-BE4D-47D1-BDC0-8794D22D798F}.Release|Any CPU.ActiveCfg = Release|Any CPU
		{FB5602DF-BE4D-47D1-BDC0-8794D22D798F}.Release|Any CPU.Build.0 = Release|Any CPU
		{138197DF-335B-4EF6-9465-3EC33156EB4B}.Debug|Any CPU.ActiveCfg = Debug|Any CPU
		{138197DF-335B-4EF6-9465-3EC33156EB4B}.Debug|Any CPU.Build.0 = Debug|Any CPU
		{138197DF-335B-4EF6-9465-3EC33156EB4B}.Release|Any CPU.ActiveCfg = Release|Any CPU
		{138197DF-335B-4EF6-9465-3EC33156EB4B}.Release|Any CPU.Build.0 = Release|Any CPU
	EndGlobalSection
	GlobalSection(SolutionProperties) = preSolution
		HideSolutionNode = FALSE
	EndGlobalSection
EndGlobal
